
Microsoft Visual Studio Solution File, Format Version 12.00
# Visual Studio Version 17
VisualStudioVersion = 17.4.33403.182
MinimumVisualStudioVersion = 10.0.40219.1
Project("{FAE04EC0-301F-11D3-BF4B-00C04F79EFBC}") = "LaLa", "..\LaLa\LaLa.csproj", "{44C6BCF8-E676-4F94-B92B-2065897E4AAB}"
EndProject
Global
	GlobalSection(SolutionConfigurationPlatforms) = preSolution
		Debug|Any CPU = Debug|Any CPU
		Release|Any CPU = Release|Any CPU
	EndGlobalSection
	GlobalSection(ProjectConfigurationPlatforms) = postSolution
		{44C6BCF8-E676-4F94-B92B-2065897E4AAB}.Debug|Any CPU.ActiveCfg = Debug|Any CPU
		{44C6BCF8-E676-4F94-B92B-2065897E4AAB}.Debug|Any CPU.Build.0 = Debug|Any CPU
		{44C6BCF8-E676-4F94-B92B-2065897E4AAB}.Release|Any CPU.ActiveCfg = Release|Any CPU
		{44C6BCF8-E676-4F94-B92B-2065897E4AAB}.Release|Any CPU.Build.0 = Release|Any CPU
	EndGlobalSection
	GlobalSection(SolutionProperties) = preSolution
		HideSolutionNode = FALSE
	EndGlobalSection
	GlobalSection(ExtensibilityGlobals) = postSolution
		SolutionGuid = {B7D60E5F-FE6C-4BDE-8B62-FCD5CA3936E7}
	EndGlobalSection
EndGlobal
